
Microsoft Visual Studio Solution File, Format Version 12.00
# Visual Studio 2013
VisualStudioVersion = 12.0.21005.1
MinimumVisualStudioVersion = 10.0.40219.1
Project("{FAE04EC0-301F-11D3-BF4B-00C04F79EFBC}") = "Core", "Core\Core.csproj", "{8FA603B6-5D05-4AF0-820B-42DA2BCC2AB2}"
EndProject
Project("{FAE04EC0-301F-11D3-BF4B-00C04F79EFBC}") = "BasicWorldGen", "BasicWorldGen\BasicWorldGen.csproj", "{733AC88A-AD55-414B-AA8A-3B85596B437C}"
EndProject
Project("{FAE04EC0-301F-11D3-BF4B-00C04F79EFBC}") = "Generate", "Generate\Generate.csproj", "{7328D22B-21DF-49BE-9D27-925D507F7B97}"
EndProject
Project("{FAE04EC0-301F-11D3-BF4B-00C04F79EFBC}") = "WorldGen.Database", "WorldGen.Database\WorldGen.Database.csproj", "{2E470643-CAE9-42B3-BCB2-DE3AF1E4A48B}"
EndProject
Global
	GlobalSection(SolutionConfigurationPlatforms) = preSolution
		Debug|Any CPU = Debug|Any CPU
		Release|Any CPU = Release|Any CPU
	EndGlobalSection
	GlobalSection(ProjectConfigurationPlatforms) = postSolution
		{8FA603B6-5D05-4AF0-820B-42DA2BCC2AB2}.Debug|Any CPU.ActiveCfg = Debug|Any CPU
		{8FA603B6-5D05-4AF0-820B-42DA2BCC2AB2}.Debug|Any CPU.Build.0 = Debug|Any CPU
		{8FA603B6-5D05-4AF0-820B-42DA2BCC2AB2}.Release|Any CPU.ActiveCfg = Release|Any CPU
		{8FA603B6-5D05-4AF0-820B-42DA2BCC2AB2}.Release|Any CPU.Build.0 = Release|Any CPU
		{733AC88A-AD55-414B-AA8A-3B85596B437C}.Debug|Any CPU.ActiveCfg = Debug|Any CPU
		{733AC88A-AD55-414B-AA8A-3B85596B437C}.Debug|Any CPU.Build.0 = Debug|Any CPU
		{733AC88A-AD55-414B-AA8A-3B85596B437C}.Release|Any CPU.ActiveCfg = Release|Any CPU
		{733AC88A-AD55-414B-AA8A-3B85596B437C}.Release|Any CPU.Build.0 = Release|Any CPU
		{7328D22B-21DF-49BE-9D27-925D507F7B97}.Debug|Any CPU.ActiveCfg = Debug|Any CPU
		{7328D22B-21DF-49BE-9D27-925D507F7B97}.Debug|Any CPU.Build.0 = Debug|Any CPU
		{7328D22B-21DF-49BE-9D27-925D507F7B97}.Release|Any CPU.ActiveCfg = Release|Any CPU
		{7328D22B-21DF-49BE-9D27-925D507F7B97}.Release|Any CPU.Build.0 = Release|Any CPU
		{2E470643-CAE9-42B3-BCB2-DE3AF1E4A48B}.Debug|Any CPU.ActiveCfg = Debug|Any CPU
		{2E470643-CAE9-42B3-BCB2-DE3AF1E4A48B}.Debug|Any CPU.Build.0 = Debug|Any CPU
		{2E470643-CAE9-42B3-BCB2-DE3AF1E4A48B}.Release|Any CPU.ActiveCfg = Release|Any CPU
		{2E470643-CAE9-42B3-BCB2-DE3AF1E4A48B}.Release|Any CPU.Build.0 = Release|Any CPU
	EndGlobalSection
	GlobalSection(SolutionProperties) = preSolution
		HideSolutionNode = FALSE
	EndGlobalSection
EndGlobal
